
Microsoft Visual Studio Solution File, Format Version 12.00
# Visual Studio Version 16
VisualStudioVersion = 16.0.30717.126
MinimumVisualStudioVersion = 10.0.40219.1
Project("{FAE04EC0-301F-11D3-BF4B-00C04F79EFBC}") = "ToyRobot.Console", "ToyRobot\ToyRobot.Console.csproj", "{CBF6CF61-EDEC-4136-BA9F-D2CDE24AFEF8}"
EndProject
Project("{FAE04EC0-301F-11D3-BF4B-00C04F79EFBC}") = "ToyRobot.Core", "ToyRobot.Core\ToyRobot.Core.csproj", "{44C9782E-2909-4BEC-A851-15F537C38CE2}"
EndProject
Project("{FAE04EC0-301F-11D3-BF4B-00C04F79EFBC}") = "ToyRobot.Test", "ToyRobot.Test\ToyRobot.Test.csproj", "{DA9F629F-5DD8-4800-9424-BF952BD7CE3C}"
EndProject
Global
	GlobalSection(SolutionConfigurationPlatforms) = preSolution
		Debug|Any CPU = Debug|Any CPU
		Release|Any CPU = Release|Any CPU
	EndGlobalSection
	GlobalSection(ProjectConfigurationPlatforms) = postSolution
		{CBF6CF61-EDEC-4136-BA9F-D2CDE24AFEF8}.Debug|Any CPU.ActiveCfg = Debug|Any CPU
		{CBF6CF61-EDEC-4136-BA9F-D2CDE24AFEF8}.Debug|Any CPU.Build.0 = Debug|Any CPU
		{CBF6CF61-EDEC-4136-BA9F-D2CDE24AFEF8}.Release|Any CPU.ActiveCfg = Release|Any CPU
		{CBF6CF61-EDEC-4136-BA9F-D2CDE24AFEF8}.Release|Any CPU.Build.0 = Release|Any CPU
		{44C9782E-2909-4BEC-A851-15F537C38CE2}.Debug|Any CPU.ActiveCfg = Debug|Any CPU
		{44C9782E-2909-4BEC-A851-15F537C38CE2}.Debug|Any CPU.Build.0 = Debug|Any CPU
		{44C9782E-2909-4BEC-A851-15F537C38CE2}.Release|Any CPU.ActiveCfg = Release|Any CPU
		{44C9782E-2909-4BEC-A851-15F537C38CE2}.Release|Any CPU.Build.0 = Release|Any CPU
		{DA9F629F-5DD8-4800-9424-BF952BD7CE3C}.Debug|Any CPU.ActiveCfg = Debug|Any CPU
		{DA9F629F-5DD8-4800-9424-BF952BD7CE3C}.Debug|Any CPU.Build.0 = Debug|Any CPU
		{DA9F629F-5DD8-4800-9424-BF952BD7CE3C}.Release|Any CPU.ActiveCfg = Release|Any CPU
		{DA9F629F-5DD8-4800-9424-BF952BD7CE3C}.Release|Any CPU.Build.0 = Release|Any CPU
	EndGlobalSection
	GlobalSection(SolutionProperties) = preSolution
		HideSolutionNode = FALSE
	EndGlobalSection
	GlobalSection(ExtensibilityGlobals) = postSolution
		SolutionGuid = {86F901D6-0599-4F96-8D9B-B08222F3E209}
	EndGlobalSection
EndGlobal
